
Microsoft Visual Studio Solution File, Format Version 12.00
# Visual Studio 15
VisualStudioVersion = 15.0.26430.6
MinimumVisualStudioVersion = 10.0.40219.1
Project("{FAE04EC0-301F-11D3-BF4B-00C04F79EFBC}") = "Web_Api", "Web_Api\Web_Api.csproj", "{C3FE3086-5C1A-4498-A451-C00B004B64CE}"
EndProject
Project("{FAE04EC0-301F-11D3-BF4B-00C04F79EFBC}") = "BL", "BL\BL.csproj", "{E3415D40-35B6-4195-9EA5-24B11C63B04C}"
EndProject
Project("{FAE04EC0-301F-11D3-BF4B-00C04F79EFBC}") = "DAL", "DAL\DAL.csproj", "{EF1D08AF-3C75-4D55-B414-7C36572F356D}"
EndProject
Global
	GlobalSection(SolutionConfigurationPlatforms) = preSolution
		Debug|Any CPU = Debug|Any CPU
		Release|Any CPU = Release|Any CPU
	EndGlobalSection
	GlobalSection(ProjectConfigurationPlatforms) = postSolution
		{C3FE3086-5C1A-4498-A451-C00B004B64CE}.Debug|Any CPU.ActiveCfg = Debug|Any CPU
		{C3FE3086-5C1A-4498-A451-C00B004B64CE}.Debug|Any CPU.Build.0 = Debug|Any CPU
		{C3FE3086-5C1A-4498-A451-C00B004B64CE}.Release|Any CPU.ActiveCfg = Release|Any CPU
		{C3FE3086-5C1A-4498-A451-C00B004B64CE}.Release|Any CPU.Build.0 = Release|Any CPU
		{E3415D40-35B6-4195-9EA5-24B11C63B04C}.Debug|Any CPU.ActiveCfg = Debug|Any CPU
		{E3415D40-35B6-4195-9EA5-24B11C63B04C}.Debug|Any CPU.Build.0 = Debug|Any CPU
		{E3415D40-35B6-4195-9EA5-24B11C63B04C}.Release|Any CPU.ActiveCfg = Release|Any CPU
		{E3415D40-35B6-4195-9EA5-24B11C63B04C}.Release|Any CPU.Build.0 = Release|Any CPU
		{EF1D08AF-3C75-4D55-B414-7C36572F356D}.Debug|Any CPU.ActiveCfg = Debug|Any CPU
		{EF1D08AF-3C75-4D55-B414-7C36572F356D}.Debug|Any CPU.Build.0 = Debug|Any CPU
		{EF1D08AF-3C75-4D55-B414-7C36572F356D}.Release|Any CPU.ActiveCfg = Release|Any CPU
		{EF1D08AF-3C75-4D55-B414-7C36572F356D}.Release|Any CPU.Build.0 = Release|Any CPU
	EndGlobalSection
	GlobalSection(SolutionProperties) = preSolution
		HideSolutionNode = FALSE
	EndGlobalSection
	GlobalSection(ExtensibilityGlobals) = postSolution
		SolutionGuid = {2713F290-AEC3-4918-960C-94210F82E723}
	EndGlobalSection
EndGlobal
